
Microsoft Visual Studio Solution File, Format Version 12.00
# Visual Studio Version 16
VisualStudioVersion = 16.0.30002.166
MinimumVisualStudioVersion = 10.0.40219.1
Project("{2150E333-8FDC-42A3-9474-1A3956D46DE8}") = "Core", "Core", "{33F24AB6-9922-4DD5-8A20-804C87966066}"
EndProject
Project("{2150E333-8FDC-42A3-9474-1A3956D46DE8}") = "Presentations", "Presentations", "{E0A47F61-998E-4B7A-B6DE-D79098EF58F1}"
EndProject
Project("{9A19103F-16F7-4668-BE54-9A1E7A4F7556}") = "OC.Business", "OC.Business\OC.Business.csproj", "{7FA3CD9C-8E30-465B-866D-B12F0256926E}"
EndProject
Project("{9A19103F-16F7-4668-BE54-9A1E7A4F7556}") = "OC.Data", "OC.Data\OC.Data.csproj", "{F0003F8B-B391-476A-9889-0BACF884AC02}"
EndProject
Project("{9A19103F-16F7-4668-BE54-9A1E7A4F7556}") = "OC.Model", "OC.Model\OC.Model.csproj", "{A6297DB5-51F4-4E9E-BDF6-2C1DB51A3A86}"
EndProject
Project("{9A19103F-16F7-4668-BE54-9A1E7A4F7556}") = "OC.WebAPI", "OC.WebAPI\OC.WebAPI.csproj", "{C2E467F6-CCAD-43CE-B132-C48250009555}"
EndProject
Project("{FAE04EC0-301F-11D3-BF4B-00C04F79EFBC}") = "OC.WcfServices", "OC.WcfServices\OC.WcfServices.csproj", "{386CA05E-8779-448B-B404-A5ACBCB91232}"
EndProject
Project("{9A19103F-16F7-4668-BE54-9A1E7A4F7556}") = "OC.Website", "OC.Website\OC.Website.csproj", "{4F460C61-5296-4016-8422-2492CDF6B2A6}"
EndProject
Global
	GlobalSection(SolutionConfigurationPlatforms) = preSolution
		Debug|Any CPU = Debug|Any CPU
		Release|Any CPU = Release|Any CPU
	EndGlobalSection
	GlobalSection(ProjectConfigurationPlatforms) = postSolution
		{7FA3CD9C-8E30-465B-866D-B12F0256926E}.Debug|Any CPU.ActiveCfg = Debug|Any CPU
		{7FA3CD9C-8E30-465B-866D-B12F0256926E}.Debug|Any CPU.Build.0 = Debug|Any CPU
		{7FA3CD9C-8E30-465B-866D-B12F0256926E}.Release|Any CPU.ActiveCfg = Release|Any CPU
		{7FA3CD9C-8E30-465B-866D-B12F0256926E}.Release|Any CPU.Build.0 = Release|Any CPU
		{F0003F8B-B391-476A-9889-0BACF884AC02}.Debug|Any CPU.ActiveCfg = Debug|Any CPU
		{F0003F8B-B391-476A-9889-0BACF884AC02}.Debug|Any CPU.Build.0 = Debug|Any CPU
		{F0003F8B-B391-476A-9889-0BACF884AC02}.Release|Any CPU.ActiveCfg = Release|Any CPU
		{F0003F8B-B391-476A-9889-0BACF884AC02}.Release|Any CPU.Build.0 = Release|Any CPU
		{A6297DB5-51F4-4E9E-BDF6-2C1DB51A3A86}.Debug|Any CPU.ActiveCfg = Debug|Any CPU
		{A6297DB5-51F4-4E9E-BDF6-2C1DB51A3A86}.Debug|Any CPU.Build.0 = Debug|Any CPU
		{A6297DB5-51F4-4E9E-BDF6-2C1DB51A3A86}.Release|Any CPU.ActiveCfg = Release|Any CPU
		{A6297DB5-51F4-4E9E-BDF6-2C1DB51A3A86}.Release|Any CPU.Build.0 = Release|Any CPU
		{C2E467F6-CCAD-43CE-B132-C48250009555}.Debug|Any CPU.ActiveCfg = Debug|Any CPU
		{C2E467F6-CCAD-43CE-B132-C48250009555}.Debug|Any CPU.Build.0 = Debug|Any CPU
		{C2E467F6-CCAD-43CE-B132-C48250009555}.Release|Any CPU.ActiveCfg = Release|Any CPU
		{C2E467F6-CCAD-43CE-B132-C48250009555}.Release|Any CPU.Build.0 = Release|Any CPU
		{386CA05E-8779-448B-B404-A5ACBCB91232}.Debug|Any CPU.ActiveCfg = Debug|Any CPU
		{386CA05E-8779-448B-B404-A5ACBCB91232}.Debug|Any CPU.Build.0 = Debug|Any CPU
		{386CA05E-8779-448B-B404-A5ACBCB91232}.Release|Any CPU.ActiveCfg = Release|Any CPU
		{386CA05E-8779-448B-B404-A5ACBCB91232}.Release|Any CPU.Build.0 = Release|Any CPU
		{4F460C61-5296-4016-8422-2492CDF6B2A6}.Debug|Any CPU.ActiveCfg = Debug|Any CPU
		{4F460C61-5296-4016-8422-2492CDF6B2A6}.Debug|Any CPU.Build.0 = Debug|Any CPU
		{4F460C61-5296-4016-8422-2492CDF6B2A6}.Release|Any CPU.ActiveCfg = Release|Any CPU
		{4F460C61-5296-4016-8422-2492CDF6B2A6}.Release|Any CPU.Build.0 = Release|Any CPU
	EndGlobalSection
	GlobalSection(SolutionProperties) = preSolution
		HideSolutionNode = FALSE
	EndGlobalSection
	GlobalSection(NestedProjects) = preSolution
		{7FA3CD9C-8E30-465B-866D-B12F0256926E} = {33F24AB6-9922-4DD5-8A20-804C87966066}
		{F0003F8B-B391-476A-9889-0BACF884AC02} = {33F24AB6-9922-4DD5-8A20-804C87966066}
		{A6297DB5-51F4-4E9E-BDF6-2C1DB51A3A86} = {33F24AB6-9922-4DD5-8A20-804C87966066}
		{C2E467F6-CCAD-43CE-B132-C48250009555} = {E0A47F61-998E-4B7A-B6DE-D79098EF58F1}
		{386CA05E-8779-448B-B404-A5ACBCB91232} = {E0A47F61-998E-4B7A-B6DE-D79098EF58F1}
		{4F460C61-5296-4016-8422-2492CDF6B2A6} = {E0A47F61-998E-4B7A-B6DE-D79098EF58F1}
	EndGlobalSection
	GlobalSection(ExtensibilityGlobals) = postSolution
		SolutionGuid = {71415B44-801B-4B5A-A474-6EB984B065EF}
	EndGlobalSection
EndGlobal
